# THIS IS AN AUTOGENERATED FILE. DO NOT EDIT THIS FILE DIRECTLY.
# yarn lockfile v1


"@jridgewell/gen-mapping@^0.3.0":
  "integrity" "sha512-mh65xKQAzI6iBcFzwv28KVWSmCkdRBWoOh+bYQGW3+6OZvbbN3TqMGo5hqYxQniRcH9F2VZIoJCm4pa3BPDK/A=="
  "resolved" "https://registry.npmjs.org/@jridgewell/gen-mapping/-/gen-mapping-0.3.2.tgz"
  "version" "0.3.2"
  dependencies:
    "@jridgewell/set-array" "^1.0.1"
    "@jridgewell/sourcemap-codec" "^1.4.10"
    "@jridgewell/trace-mapping" "^0.3.9"

"@jridgewell/resolve-uri@3.1.0":
  "integrity" "sha512-F2msla3tad+Mfht5cJq7LSXcdudKTWCVYUgw6pLFOOHSTtZlj6SWNYAp+AhuqLmWdBO2X5hPrLcu8cVP8fy28w=="
  "resolved" "https://registry.npmjs.org/@jridgewell/resolve-uri/-/resolve-uri-3.1.0.tgz"
  "version" "3.1.0"

"@jridgewell/set-array@^1.0.1":
  "integrity" "sha512-xnkseuNADM0gt2bs+BvhO0p78Mk762YnZdsuzFV018NoG1Sj1SCQvpSqa7XUaTam5vAGasABV9qXASMKnFMwMw=="
  "resolved" "https://registry.npmjs.org/@jridgewell/set-array/-/set-array-1.1.2.tgz"
  "version" "1.1.2"

"@jridgewell/source-map@^0.3.2":
  "integrity" "sha512-m7O9o2uR8k2ObDysZYzdfhb08VuEml5oWGiosa1VdaPZ/A6QyPkAJuwN0Q1lhULOf6B7MtQmHENS743hWtCrgw=="
  "resolved" "https://registry.npmjs.org/@jridgewell/source-map/-/source-map-0.3.2.tgz"
  "version" "0.3.2"
  dependencies:
    "@jridgewell/gen-mapping" "^0.3.0"
    "@jridgewell/trace-mapping" "^0.3.9"

"@jridgewell/sourcemap-codec@^1.4.10", "@jridgewell/sourcemap-codec@1.4.14":
  "integrity" "sha512-XPSJHWmi394fuUuzDnGz1wiKqWfo1yXecHQMRf2l6hztTO+nPru658AyDngaBe7isIxEkRsPR3FZh+s7iVa4Uw=="
  "resolved" "https://registry.npmjs.org/@jridgewell/sourcemap-codec/-/sourcemap-codec-1.4.14.tgz"
  "version" "1.4.14"

"@jridgewell/trace-mapping@^0.3.9":
  "integrity" "sha512-MCNzAp77qzKca9+W/+I0+sEpaUnZoeasnghNeVc41VZCEKaCH73Vq3BZZ/SzWIgrqE4H4ceI+p+b6C0mHf9T4g=="
  "resolved" "https://registry.npmjs.org/@jridgewell/trace-mapping/-/trace-mapping-0.3.17.tgz"
  "version" "0.3.17"
  dependencies:
    "@jridgewell/resolve-uri" "3.1.0"
    "@jridgewell/sourcemap-codec" "1.4.14"

"@rollup/plugin-wasm@^6.1.2":
  "integrity" "sha512-YdrQ7zfnZ54Y+6raCev3tR1PrhQGxYKSTajGylhyP0oBacouuNo6KcNCk+pYKw9M98jxRWLFFca/udi76IDXzg=="
  "resolved" "https://registry.npmjs.org/@rollup/plugin-wasm/-/plugin-wasm-6.1.2.tgz"
  "version" "6.1.2"

"@rollup/pluginutils@^4.2.1":
  "integrity" "sha512-iKnFXr7NkdZAIHiIWE+BX5ULi/ucVFYWD6TbAV+rZctiRTY2PL6tsIKhoIOaoskiWAkgu+VsbXgUVDNLHf+InQ=="
  "resolved" "https://registry.npmjs.org/@rollup/pluginutils/-/pluginutils-4.2.1.tgz"
  "version" "4.2.1"
  dependencies:
    "estree-walker" "^2.0.1"
    "picomatch" "^2.2.2"

"@swc/core-win32-x64-msvc@1.3.36":
  "integrity" "sha512-2bIjr9DhAckGiXZEvj6z2z7ECPcTimG+wD0VuQTvr+wkx46uAJKl5Kq+Zk+dd15ErL7JGUtCet1T7bf1k4FwvQ=="
  "resolved" "https://registry.npmjs.org/@swc/core-win32-x64-msvc/-/core-win32-x64-msvc-1.3.36.tgz"
  "version" "1.3.36"

"@swc/core@^1.3.10":
  "integrity" "sha512-Ogrd9uRNIj7nHjXxG66UlKBIcXESUenJ7OD6K2a8p82qlg6ne7Ne5Goiipm/heHYhSfVmjcnRWL9ZJ4gv+YCPA=="
  "resolved" "https://registry.npmjs.org/@swc/core/-/core-1.3.36.tgz"
  "version" "1.3.36"
  optionalDependencies:
    "@swc/core-darwin-arm64" "1.3.36"
    "@swc/core-darwin-x64" "1.3.36"
    "@swc/core-linux-arm-gnueabihf" "1.3.36"
    "@swc/core-linux-arm64-gnu" "1.3.36"
    "@swc/core-linux-arm64-musl" "1.3.36"
    "@swc/core-linux-x64-gnu" "1.3.36"
    "@swc/core-linux-x64-musl" "1.3.36"
    "@swc/core-win32-arm64-msvc" "1.3.36"
    "@swc/core-win32-ia32-msvc" "1.3.36"
    "@swc/core-win32-x64-msvc" "1.3.36"

"acorn@^8.5.0":
  "integrity" "sha512-xjIYgE8HBrkpd/sJqOGNspf8uHG+NOHGOw6a/Urj8taM2EXfdNAH2oFcPeIFfsv3+kz/mJrS5VuMqbNLjCa2vw=="
  "resolved" "https://registry.npmjs.org/acorn/-/acorn-8.8.2.tgz"
  "version" "8.8.2"

"ansi-styles@^4.1.0":
  "integrity" "sha512-zbB9rCJAT1rbjiVDb2hqKFHNYLxgtk8NURxZ3IZwD3F6NtxbXZQCnnSi1Lkx+IDohdPlFp222wVALIheZJQSEg=="
  "resolved" "https://registry.npmjs.org/ansi-styles/-/ansi-styles-4.3.0.tgz"
  "version" "4.3.0"
  dependencies:
    "color-convert" "^2.0.1"

"blob-to-buffer@^1.2.9":
  "integrity" "sha512-BF033y5fN6OCofD3vgHmNtwZWRcq9NLyyxyILx9hfMy1sXYy4ojFl765hJ2lP0YaN2fuxPaLO2Vzzoxy0FLFFA=="
  "resolved" "https://registry.npmjs.org/blob-to-buffer/-/blob-to-buffer-1.2.9.tgz"
  "version" "1.2.9"

"buffer-from@^1.0.0":
  "integrity" "sha512-E+XQCRwSbaaiChtv6k6Dwgc+bx+Bs6vuKJHHl5kox/BaKbhiXzqQOwK4cO22yElGp2OCmjwVhT3HmxgyPGnJfQ=="
  "resolved" "https://registry.npmjs.org/buffer-from/-/buffer-from-1.1.2.tgz"
  "version" "1.1.2"

"chalk@^4.1.2":
  "integrity" "sha512-oKnbhFyRIXpUuez8iBMmyEa4nbj4IOQyuhc/wy9kY7/WVPcwIO9VA668Pu8RkO7+0G76SLROeyw9CpQ061i4mA=="
  "resolved" "https://registry.npmjs.org/chalk/-/chalk-4.1.2.tgz"
  "version" "4.1.2"
  dependencies:
    "ansi-styles" "^4.1.0"
    "supports-color" "^7.1.0"

"color-convert@^2.0.1":
  "integrity" "sha512-RRECPsj7iu/xb5oKYcsFHSppFNnsj/52OVTRKb4zP5onXwVF3zVmmToNcOfGC+CRDpfK/U584fMg38ZHCaElKQ=="
  "resolved" "https://registry.npmjs.org/color-convert/-/color-convert-2.0.1.tgz"
  "version" "2.0.1"
  dependencies:
    "color-name" "~1.1.4"

"color-name@~1.1.4":
  "integrity" "sha512-dOy+3AuW3a2wNbZHIuMZpTcgjGuLU/uBL/ubcZF9OXbDo8ff4O8yVp5Bf0efS8uEoYo5q4Fx7dY9OgQGXgAsQA=="
  "resolved" "https://registry.npmjs.org/color-name/-/color-name-1.1.4.tgz"
  "version" "1.1.4"

"commander@^2.20.0":
  "integrity" "sha512-GpVkmM8vF2vQUkj2LvZmD35JxeJOLCwJ9cUkugyk2nuhbv3+mJvpLYYt+0+USMxE+oj+ey/lJEnhZw75x/OMcQ=="
  "resolved" "https://registry.npmjs.org/commander/-/commander-2.20.3.tgz"
  "version" "2.20.3"

"copy-to-clipboard@^3.3.2":
  "integrity" "sha512-Vme1Z6RUDzrb6xAI7EZlVZ5uvOk2F//GaxKUxajDqm9LhOVM1inxNAD2vy+UZDYsd0uyA9s7b3/FVZPSxqrCfg=="
  "resolved" "https://registry.npmjs.org/copy-to-clipboard/-/copy-to-clipboard-3.3.2.tgz"
  "version" "3.3.2"
  dependencies:
    "toggle-selection" "^1.0.6"

"debug@^4.3.3":
  "integrity" "sha512-PRWFHuSU3eDtQJPvnNY7Jcket1j0t5OuOsFzPPzsekD52Zl8qUfFIPEiswXqIvHWGVHOgX+7G/vCNNhehwxfkQ=="
  "resolved" "https://registry.npmjs.org/debug/-/debug-4.3.4.tgz"
  "version" "4.3.4"
  dependencies:
    "ms" "2.1.2"

"detect-gpu@^5.0.13":
  "integrity" "sha512-IsQRA69imfta1BdFFIgOspwQn5z/CLMzREpXwxP6F0hniMr7dlamBUSFdOSEnsIUpfL8lrY1NenK2Zxal54qbw=="
  "resolved" "https://registry.npmjs.org/detect-gpu/-/detect-gpu-5.0.13.tgz"
  "version" "5.0.13"
  dependencies:
    "webgl-constants" "^1.1.1"

"drag-drop@^7.2.0":
  "integrity" "sha512-cvCWy7I7zmKd82bpW5a6DivZ8BV02XtZRdC9+94kFhu2SzzOtzt7VXWmLClaqvJbkWNYc+onRilNxazao473Pw=="
  "resolved" "https://registry.npmjs.org/drag-drop/-/drag-drop-7.2.0.tgz"
  "version" "7.2.0"
  dependencies:
    "blob-to-buffer" "^1.2.9"
    "run-parallel" "^1.2.0"

"esbuild-windows-64@0.14.48":
  "integrity" "sha512-YmpXjdT1q0b8ictSdGwH3M8VCoqPpK1/UArze3X199w6u8hUx3V8BhAi1WjbsfDYRBanVVtduAhh2sirImtAvA=="
  "resolved" "https://registry.npmjs.org/esbuild-windows-64/-/esbuild-windows-64-0.14.48.tgz"
  "version" "0.14.48"

"esbuild@^0.14.47":
  "integrity" "sha512-w6N1Yn5MtqK2U1/WZTX9ZqUVb8IOLZkZ5AdHkT6x3cHDMVsYWC7WPdiLmx19w3i4Rwzy5LqsEMtVihG3e4rFzA=="
  "resolved" "https://registry.npmjs.org/esbuild/-/esbuild-0.14.48.tgz"
  "version" "0.14.48"
  optionalDependencies:
    "esbuild-android-64" "0.14.48"
    "esbuild-android-arm64" "0.14.48"
    "esbuild-darwin-64" "0.14.48"
    "esbuild-darwin-arm64" "0.14.48"
    "esbuild-freebsd-64" "0.14.48"
    "esbuild-freebsd-arm64" "0.14.48"
    "esbuild-linux-32" "0.14.48"
    "esbuild-linux-64" "0.14.48"
    "esbuild-linux-arm" "0.14.48"
    "esbuild-linux-arm64" "0.14.48"
    "esbuild-linux-mips64le" "0.14.48"
    "esbuild-linux-ppc64le" "0.14.48"
    "esbuild-linux-riscv64" "0.14.48"
    "esbuild-linux-s390x" "0.14.48"
    "esbuild-netbsd-64" "0.14.48"
    "esbuild-openbsd-64" "0.14.48"
    "esbuild-sunos-64" "0.14.48"
    "esbuild-windows-32" "0.14.48"
    "esbuild-windows-64" "0.14.48"
    "esbuild-windows-arm64" "0.14.48"

"estree-walker@^2.0.1":
  "integrity" "sha512-Rfkk/Mp/DL7JVje3u18FxFujQlTNR2q6QfMSMB7AvCBx91NGj/ba3kCfza0f6dVDbw7YlRf/nDrn7pQrCCyQ/w=="
  "resolved" "https://registry.npmjs.org/estree-walker/-/estree-walker-2.0.2.tgz"
  "version" "2.0.2"

"fs-extra@^10.0.0":
  "integrity" "sha512-oRXApq54ETRj4eMiFzGnHWGy+zo5raudjuxN0b8H7s/RU2oW0Wvsx9O0ACRN/kRq9E8Vu/ReskGB5o3ji+FzHQ=="
  "resolved" "https://registry.npmjs.org/fs-extra/-/fs-extra-10.1.0.tgz"
  "version" "10.1.0"
  dependencies:
    "graceful-fs" "^4.2.0"
    "jsonfile" "^6.0.1"
    "universalify" "^2.0.0"

"function-bind@^1.1.1":
  "integrity" "sha512-yIovAzMX49sF8Yl58fSCWJ5svSLuaibPxXQJFLmBObTuCr0Mf1KiPopGM9NiFjiYBCbfaa2Fh6breQ6ANVTI0A=="
  "resolved" "https://registry.npmjs.org/function-bind/-/function-bind-1.1.1.tgz"
  "version" "1.1.1"

"graceful-fs@^4.1.6", "graceful-fs@^4.2.0":
  "integrity" "sha512-9ByhssR2fPVsNZj478qUUbKfmL0+t5BDVyjShtyZZLiK7ZDAArFFfopyOTj0M05wE2tJPisA4iTnnXl2YoPvOA=="
  "resolved" "https://registry.npmjs.org/graceful-fs/-/graceful-fs-4.2.10.tgz"
  "version" "4.2.10"

"has-flag@^4.0.0":
  "integrity" "sha512-EykJT/Q1KjTWctppgIAgfSO0tKVuZUjhgMr17kqTumMl6Afv3EISleU7qZUzoXDFTAHTDC4NOoG/ZxU3EvlMPQ=="
  "resolved" "https://registry.npmjs.org/has-flag/-/has-flag-4.0.0.tgz"
  "version" "4.0.0"

"has@^1.0.3":
  "integrity" "sha512-f2dvO0VU6Oej7RkWJGrehjbzMAjFp5/VKPp5tTpWIV4JHHZK1/BxbFRtf/siA2SWTe09caDmVtYYzWEIbBS4zw=="
  "resolved" "https://registry.npmjs.org/has/-/has-1.0.3.tgz"
  "version" "1.0.3"
  dependencies:
    "function-bind" "^1.1.1"

"is-core-module@^2.9.0":
  "integrity" "sha512-+5FPy5PnwmO3lvfMb0AsoPaBG+5KHUI0wYFXOtYPnVVVspTFUuMZNfNaNVRt3FZadstu2c8x23vykRW/NBoU6A=="
  "resolved" "https://registry.npmjs.org/is-core-module/-/is-core-module-2.9.0.tgz"
  "version" "2.9.0"
  dependencies:
    "has" "^1.0.3"

"jsonfile@^6.0.1":
  "integrity" "sha512-5dgndWOriYSm5cnYaJNhalLNDKOqFwyDB/rr1E9ZsGciGvKPs8R2xYGCacuf3z6K1YKDz182fd+fY3cn3pMqXQ=="
  "resolved" "https://registry.npmjs.org/jsonfile/-/jsonfile-6.1.0.tgz"
  "version" "6.1.0"
  dependencies:
    "universalify" "^2.0.0"
  optionalDependencies:
    "graceful-fs" "^4.1.6"

"ms@2.1.2":
  "integrity" "sha512-sGkPx+VjMtmA6MX27oA4FBFELFCZZ4S4XqeGOXCv68tT+jb3vk/RyaKWP0PTKyWtmLSM0b+adUTEvbs1PEaH2w=="
  "resolved" "https://registry.npmjs.org/ms/-/ms-2.1.2.tgz"
  "version" "2.1.2"

"nanoid@^3.3.4":
  "integrity" "sha512-MqBkQh/OHTS2egovRtLk45wEyNXwF+cokD+1YPf9u5VfJiRdAiRwB2froX5Co9Rh20xs4siNPm8naNotSD6RBw=="
  "resolved" "https://registry.npmjs.org/nanoid/-/nanoid-3.3.4.tgz"
  "version" "3.3.4"

"path-parse@^1.0.7":
  "integrity" "sha512-LDJzPVEEEPR+y48z93A0Ed0yXb8pAByGWo/k5YYdYgpY2/2EsOsksJrq7lOHxryrVOn1ejG6oAp8ahvOIQD8sw=="
  "resolved" "https://registry.npmjs.org/path-parse/-/path-parse-1.0.7.tgz"
  "version" "1.0.7"

"picocolors@^1.0.0":
  "integrity" "sha512-1fygroTLlHu66zi26VoTDv8yRgm0Fccecssto+MhsZ0D/DGW2sm8E8AjW7NU5VVTRt5GxbeZ5qBuJr+HyLYkjQ=="
  "resolved" "https://registry.npmjs.org/picocolors/-/picocolors-1.0.0.tgz"
  "version" "1.0.0"

"picomatch@^2.2.2":
  "integrity" "sha512-JU3teHTNjmE2VCGFzuY8EXzCDVwEqB2a8fsIvwaStHhAWJEeVd1o1QD80CU6+ZdEXXSLbSsuLwJjkCBWqRQUVA=="
  "resolved" "https://registry.npmjs.org/picomatch/-/picomatch-2.3.1.tgz"
  "version" "2.3.1"

"postcss@^8.4.14":
  "integrity" "sha512-E398TUmfAYFPBSdzgeieK2Y1+1cpdxJx8yXbK/m57nRhKSmk1GB2tO4lbLBtlkfPQTDKfe4Xqv1ASWPpayPEig=="
  "resolved" "https://registry.npmjs.org/postcss/-/postcss-8.4.14.tgz"
  "version" "8.4.14"
  dependencies:
    "nanoid" "^3.3.4"
    "picocolors" "^1.0.0"
    "source-map-js" "^1.0.2"

"postprocessing@^6.30.1", "postprocessing@>=6.28.0":
  "integrity" "sha512-GkBrQtX6KjNz+Pz3+ABvP1aXKCCW7h/tuE37wlM90WZLbaGfJ7eSIBN2gPgKExuK584IPde0YOoNiuWMr7PNCQ=="
  "resolved" "https://registry.npmjs.org/postprocessing/-/postprocessing-6.30.1.tgz"
  "version" "6.30.1"

"queue-microtask@^1.2.2":
  "integrity" "sha512-NuaNSa6flKT5JaSYQzJok04JzTL1CA6aGhv5rfLW3PgqA+M2ChpZQnAC8h8i4ZFkBS8X5RqkDBHA7r4hej3K9A=="
  "resolved" "https://registry.npmjs.org/queue-microtask/-/queue-microtask-1.2.3.tgz"
  "version" "1.2.3"

"realism-effects@^1.0.2":
  "integrity" "sha512-p2Zrq4SJlYy1qhXhjPa872QfDsxOi7A5k8rEZnQM8jO0JWVIaBrwtqaqemJY5PMeiVSAxvG8qQusOzRjguCOOQ=="
  "resolved" "https://registry.npmjs.org/realism-effects/-/realism-effects-1.0.2.tgz"
  "version" "1.0.2"

"resolve@^1.22.1":
  "integrity" "sha512-nBpuuYuY5jFsli/JIs1oldw6fOQCBioohqWZg/2hiaOybXOft4lonv85uDOKXdf8rhyK159cxU5cDcK/NKk8zw=="
  "resolved" "https://registry.npmjs.org/resolve/-/resolve-1.22.1.tgz"
  "version" "1.22.1"
  dependencies:
    "is-core-module" "^2.9.0"
    "path-parse" "^1.0.7"
    "supports-preserve-symlinks-flag" "^1.0.0"

"rollup@^1.20.0||^2.0.0||^3.0.0", "rollup@^2.75.6":
  "integrity" "sha512-uKxbd0IhMZOhjAiD5oAFp7BqvkA4Dv47qpOCtaNvng4HBwdbWtdOh8f5nZNuk2rp51PMGk3bzfWu5oayNEuYnw=="
  "resolved" "https://registry.npmjs.org/rollup/-/rollup-2.79.1.tgz"
  "version" "2.79.1"
  optionalDependencies:
    "fsevents" "~2.3.2"

"run-parallel@^1.2.0":
  "integrity" "sha512-5l4VyZR86LZ/lDxZTR6jqL8AFE2S0IFLMP26AbjsLVADxHdhB/c0GUsH+y39UfCi3dzz8OlQuPmnaJOMoDHQBA=="
  "resolved" "https://registry.npmjs.org/run-parallel/-/run-parallel-1.2.0.tgz"
  "version" "1.2.0"
  dependencies:
    "queue-microtask" "^1.2.2"

"source-map-js@^1.0.2":
  "integrity" "sha512-R0XvVJ9WusLiqTCEiGCmICCMplcCkIwwR11mOSD9CR5u+IXYdiseeEuXCVAjS54zqwkLcPNnmU4OeJ6tUrWhDw=="
  "resolved" "https://registry.npmjs.org/source-map-js/-/source-map-js-1.0.2.tgz"
  "version" "1.0.2"

"source-map-support@~0.5.20":
  "integrity" "sha512-uBHU3L3czsIyYXKX88fdrGovxdSCoTGDRZ6SYXtSRxLZUzHg5P/66Ht6uoUlHu9EZod+inXhKo3qQgwXUT/y1w=="
  "resolved" "https://registry.npmjs.org/source-map-support/-/source-map-support-0.5.21.tgz"
  "version" "0.5.21"
  dependencies:
    "buffer-from" "^1.0.0"
    "source-map" "^0.6.0"

"source-map@^0.6.0":
  "integrity" "sha512-UjgapumWlbMhkBgzT7Ykc5YXUT46F0iKu8SGXq0bcwP5dz/h0Plj6enJqjz1Zbq2l5WaqYnrVbwWOWMyF3F47g=="
  "resolved" "https://registry.npmjs.org/source-map/-/source-map-0.6.1.tgz"
  "version" "0.6.1"

"stats.js@^0.17.0":
  "integrity" "sha512-hNKz8phvYLPEcRkeG1rsGmV5ChMjKDAWU7/OJJdDErPBNChQXxCo3WZurGpnWc6gZhAzEPFad1aVgyOANH1sMw=="
  "resolved" "https://registry.npmjs.org/stats.js/-/stats.js-0.17.0.tgz"
  "version" "0.17.0"

"supports-color@^7.1.0":
  "integrity" "sha512-qpCAvRl9stuOHveKsn7HncJRvv501qIacKzQlO/+Lwxc9+0q2wLyv4Dfvt80/DPn2pqOBsJdDiogXGR9+OvwRw=="
  "resolved" "https://registry.npmjs.org/supports-color/-/supports-color-7.2.0.tgz"
  "version" "7.2.0"
  dependencies:
    "has-flag" "^4.0.0"

"supports-preserve-symlinks-flag@^1.0.0":
  "integrity" "sha512-ot0WnXS9fgdkgIcePe6RHNk1WA8+muPa6cSjeR3V8K27q9BB1rTE3R1p7Hv0z1ZyAc8s6Vvv8DIyWf681MAt0w=="
  "resolved" "https://registry.npmjs.org/supports-preserve-symlinks-flag/-/supports-preserve-symlinks-flag-1.0.0.tgz"
  "version" "1.0.0"

"terser@^5.4.0":
  "integrity" "sha512-qcwfg4+RZa3YvlFh0qjifnzBHjKGNbtDo9yivMqMFDy9Q6FSaQWSB/j1xKhsoUFJIqDOM3TsN6D5xbrMrFcHbg=="
  "resolved" "https://registry.npmjs.org/terser/-/terser-5.16.5.tgz"
  "version" "5.16.5"
  dependencies:
    "@jridgewell/source-map" "^0.3.2"
    "acorn" "^8.5.0"
    "commander" "^2.20.0"
    "source-map-support" "~0.5.20"

"three@^0.150.1", "three@>= 0.138.0 < 0.151.0", "three@>=0.141.0":
  "integrity" "sha512-5C1MqKUWaHYo13BX0Q64qcdwImgnnjSOFgBscOzAo8MYCzEtqfQqorEKMcajnA3FHy1yVlIe9AmaMQ0OQracNA=="
  "resolved" "https://registry.npmjs.org/three/-/three-0.150.1.tgz"
  "version" "0.150.1"

"toggle-selection@^1.0.6":
  "integrity" "sha512-BiZS+C1OS8g/q2RRbJmy59xpyghNBqrr6k5L/uKBGRsTfxmu3ffiRnd8mlGPUVayg8pvfi5urfnu8TU7DVOkLQ=="
  "resolved" "https://registry.npmjs.org/toggle-selection/-/toggle-selection-1.0.6.tgz"
  "version" "1.0.6"

"tslib@^2.4.0":
  "integrity" "sha512-d6xOpEDfsi2CZVlPQzGeux8XMwLT9hssAsaPYExaQMuYskwb+x1x7J371tWlbBdWHroy99KnVB6qIkUbs5X3UQ=="
  "resolved" "https://registry.npmjs.org/tslib/-/tslib-2.4.0.tgz"
  "version" "2.4.0"

"tweakpane@^3.1.0":
  "integrity" "sha512-PGAp/LPQdHwzL7/iAW4lV1p9iPQTti7YMjMWO48CoYjvZRS59RmgQnhEGzKzqST1JnmOYmQUjTe8bdhlZRJs5A=="
  "resolved" "https://registry.npmjs.org/tweakpane/-/tweakpane-3.1.0.tgz"
  "version" "3.1.0"

"universalify@^2.0.0":
  "integrity" "sha512-hAZsKq7Yy11Zu1DE0OzWjw7nnLZmJZYTDZZyEFHZdUhV8FkH5MCfoU1XMaxXovpyW5nq5scPqq0ZDP9Zyl04oQ=="
  "resolved" "https://registry.npmjs.org/universalify/-/universalify-2.0.0.tgz"
  "version" "2.0.0"

"uuid@^9.0.0":
  "integrity" "sha512-MXcSTerfPa4uqyzStbRoTgt5XIe3x5+42+q1sDuy3R5MDk66URdLMOZe5aPX/SQd+kuYAh0FdP/pO28IkQyTeg=="
  "resolved" "https://registry.npmjs.org/uuid/-/uuid-9.0.0.tgz"
  "version" "9.0.0"

"vite-plugin-compression@^0.5.1":
  "integrity" "sha512-5QJKBDc+gNYVqL/skgFAP81Yuzo9R+EAf19d+EtsMF/i8kFUpNi3J/H01QD3Oo8zBQn+NzoCIFkpPLynoOzaJg=="
  "resolved" "https://registry.npmjs.org/vite-plugin-compression/-/vite-plugin-compression-0.5.1.tgz"
  "version" "0.5.1"
  dependencies:
    "chalk" "^4.1.2"
    "debug" "^4.3.3"
    "fs-extra" "^10.0.0"

"vite-plugin-glsl@^0.2.0":
  "integrity" "sha512-Sn8ceQHdL3zy8y3MrAKYc28/+R02H/DE/IOqoP7h/DfGypCvOXaU7Cm4pVPU+JMc0LYrK4SCaGrLa/gnCrqwIg=="
  "resolved" "https://registry.npmjs.org/vite-plugin-glsl/-/vite-plugin-glsl-0.2.0.tgz"
  "version" "0.2.0"
  dependencies:
    "@rollup/pluginutils" "^4.2.1"
    "tslib" "^2.4.0"

"vite-plugin-top-level-await@^1.2.4":
  "integrity" "sha512-ABHJipy/R31F/3bWnPBYIFUKVXr+Ox6EVax5jos67QhuzZ4aQyp/F3qZhF2Qi/9pgi9vpIftTZ++wfkRn0c4gA=="
  "resolved" "https://registry.npmjs.org/vite-plugin-top-level-await/-/vite-plugin-top-level-await-1.2.4.tgz"
  "version" "1.2.4"
  dependencies:
    "@swc/core" "^1.3.10"
    "uuid" "^9.0.0"

"vite-plugin-wasm@^3.2.1":
  "integrity" "sha512-38TPuRUHC+s62JFhZxWtNStujhsav/qFEspDa/+huGCUvn0SbXdXexnxQ+UgIs2pmBnd/xd70fm1R9jW/0qALA=="
  "resolved" "https://registry.npmjs.org/vite-plugin-wasm/-/vite-plugin-wasm-3.2.1.tgz"
  "version" "3.2.1"
  dependencies:
    "vite" "^3"

"vite@^3", "vite@^3.0.0", "vite@>=2.0.0", "vite@>=2.8":
  "integrity" "sha512-M7phQhY3+fRZa0H+1WzI6N+/onruwPTBTMvaj7TzgZ0v2TE+N2sdLKxJOfOv9CckDWt5C4HmyQP81xB4dwRKzA=="
  "resolved" "https://registry.npmjs.org/vite/-/vite-3.0.0.tgz"
  "version" "3.0.0"
  dependencies:
    "esbuild" "^0.14.47"
    "postcss" "^8.4.14"
    "resolve" "^1.22.1"
    "rollup" "^2.75.6"
  optionalDependencies:
    "fsevents" "~2.3.2"

"webgl-constants@^1.1.1":
  "integrity" "sha512-LkBXKjU5r9vAW7Gcu3T5u+5cvSvh5WwINdr0C+9jpzVB41cjQAP5ePArDtk/WHYdVj0GefCgM73BA7FlIiNtdg=="
  "resolved" "https://registry.npmjs.org/webgl-constants/-/webgl-constants-1.1.1.tgz"
  "version" "1.1.1"
