# THIS IS AN AUTOGENERATED FILE. DO NOT EDIT THIS FILE DIRECTLY.
# yarn lockfile v1


"@rollup/pluginutils@^4.2.1":
  "integrity" "sha512-iKnFXr7NkdZAIHiIWE+BX5ULi/ucVFYWD6TbAV+rZctiRTY2PL6tsIKhoIOaoskiWAkgu+VsbXgUVDNLHf+InQ=="
  "resolved" "https://registry.npmjs.org/@rollup/pluginutils/-/pluginutils-4.2.1.tgz"
  "version" "4.2.1"
  dependencies:
    "estree-walker" "^2.0.1"
    "picomatch" "^2.2.2"

"blob-to-buffer@^1.2.9":
  "integrity" "sha512-BF033y5fN6OCofD3vgHmNtwZWRcq9NLyyxyILx9hfMy1sXYy4ojFl765hJ2lP0YaN2fuxPaLO2Vzzoxy0FLFFA=="
  "resolved" "https://registry.npmjs.org/blob-to-buffer/-/blob-to-buffer-1.2.9.tgz"
  "version" "1.2.9"

"commander@7":
  "integrity" "sha512-QrWXB+ZQSVPmIWIhtEO9H+gwHaMGYiF5ChvoJ+K9ZGHG/sVsa6yiesAD1GC/x46sET00Xlwo1u49RVVVzvcSkw=="
  "resolved" "https://registry.npmjs.org/commander/-/commander-7.2.0.tgz"
  "version" "7.2.0"

"copy-to-clipboard@^3.3.2":
  "integrity" "sha512-Vme1Z6RUDzrb6xAI7EZlVZ5uvOk2F//GaxKUxajDqm9LhOVM1inxNAD2vy+UZDYsd0uyA9s7b3/FVZPSxqrCfg=="
  "resolved" "https://registry.npmjs.org/copy-to-clipboard/-/copy-to-clipboard-3.3.2.tgz"
  "version" "3.3.2"
  dependencies:
    "toggle-selection" "^1.0.6"

"d3-array@^3.2.0", "d3-array@2 - 3", "d3-array@2.10.0 - 3", "d3-array@2.5.0 - 3", "d3-array@3":
  "integrity" "sha512-yEEyEAbDrF8C6Ob2myOBLjwBLck1Z89jMGFee0oPsn95GqjerpaOA4ch+vc2l0FNFFwMD5N7OCSEN5eAlsUbgQ=="
  "resolved" "https://registry.npmjs.org/d3-array/-/d3-array-3.2.2.tgz"
  "version" "3.2.2"
  dependencies:
    "internmap" "1 - 2"

"d3-array@2.4.0":
  "integrity" "sha512-KQ41bAF2BMakf/HdKT865ALd4cgND6VcIztVQZUTt0+BH3RWy6ZYnHghVXf6NFjt2ritLr8H1T8LreAAlfiNcw=="
  "resolved" "https://registry.npmjs.org/d3-array/-/d3-array-2.4.0.tgz"
  "version" "2.4.0"

"d3-axis@3":
  "integrity" "sha512-IH5tgjV4jE/GhHkRV0HiVYPDtvfjHQlQfJHs0usq7M30XcSBvOotpmH1IgkcXsO/5gEQZD43B//fc7SRT5S+xw=="
  "resolved" "https://registry.npmjs.org/d3-axis/-/d3-axis-3.0.0.tgz"
  "version" "3.0.0"

"d3-brush@3":
  "integrity" "sha512-ALnjWlVYkXsVIGlOsuWH1+3udkYFI48Ljihfnh8FZPF2QS9o+PzGLBslO0PjzVoHLZ2KCVgAM8NVkXPJB2aNnQ=="
  "resolved" "https://registry.npmjs.org/d3-brush/-/d3-brush-3.0.0.tgz"
  "version" "3.0.0"
  dependencies:
    "d3-dispatch" "1 - 3"
    "d3-drag" "2 - 3"
    "d3-interpolate" "1 - 3"
    "d3-selection" "3"
    "d3-transition" "3"

"d3-chord@3":
  "integrity" "sha512-VE5S6TNa+j8msksl7HwjxMHDM2yNK3XCkusIlpX5kwauBfXuyLAtNg9jCp/iHH61tgI4sb6R/EIMWCqEIdjT/g=="
  "resolved" "https://registry.npmjs.org/d3-chord/-/d3-chord-3.0.1.tgz"
  "version" "3.0.1"
  dependencies:
    "d3-path" "1 - 3"

"d3-color@1 - 3", "d3-color@3":
  "integrity" "sha512-zg/chbXyeBtMQ1LbD/WSoW2DpC3I0mpmPdW+ynRTj/x2DAWYrIY7qeZIHidozwV24m4iavr15lNwIwLxRmOxhA=="
  "resolved" "https://registry.npmjs.org/d3-color/-/d3-color-3.1.0.tgz"
  "version" "3.1.0"

"d3-contour@4":
  "integrity" "sha512-4EzFTRIikzs47RGmdxbeUvLWtGedDUNkTcmzoeyg4sP/dvCexO47AaQL7VKy/gul85TOxw+IBgA8US2xwbToNA=="
  "resolved" "https://registry.npmjs.org/d3-contour/-/d3-contour-4.0.2.tgz"
  "version" "4.0.2"
  dependencies:
    "d3-array" "^3.2.0"

"d3-delaunay@6":
  "integrity" "sha512-IMLNldruDQScrcfT+MWnazhHbDJhcRJyOEBAJfwQnHle1RPh6WDuLvxNArUju2VSMSUuKlY5BGHRJ2cYyoFLQQ=="
  "resolved" "https://registry.npmjs.org/d3-delaunay/-/d3-delaunay-6.0.2.tgz"
  "version" "6.0.2"
  dependencies:
    "delaunator" "5"

"d3-dispatch@1 - 3", "d3-dispatch@3":
  "integrity" "sha512-rzUyPU/S7rwUflMyLc1ETDeBj0NRuHKKAcvukozwhshr6g6c5d8zh4c2gQjY2bZ0dXeGLWc1PF174P2tVvKhfg=="
  "resolved" "https://registry.npmjs.org/d3-dispatch/-/d3-dispatch-3.0.1.tgz"
  "version" "3.0.1"

"d3-drag@2 - 3", "d3-drag@3":
  "integrity" "sha512-pWbUJLdETVA8lQNJecMxoXfH6x+mO2UQo8rSmZ+QqxcbyA3hfeprFgIT//HW2nlHChWeIIMwS2Fq+gEARkhTkg=="
  "resolved" "https://registry.npmjs.org/d3-drag/-/d3-drag-3.0.0.tgz"
  "version" "3.0.0"
  dependencies:
    "d3-dispatch" "1 - 3"
    "d3-selection" "3"

"d3-dsv@1 - 3", "d3-dsv@3":
  "integrity" "sha512-UG6OvdI5afDIFP9w4G0mNq50dSOsXHJaRE8arAS5o9ApWnIElp8GZw1Dun8vP8OyHOZ/QJUKUJwxiiCCnUwm+Q=="
  "resolved" "https://registry.npmjs.org/d3-dsv/-/d3-dsv-3.0.1.tgz"
  "version" "3.0.1"
  dependencies:
    "commander" "7"
    "iconv-lite" "0.6"
    "rw" "1"

"d3-ease@1 - 3", "d3-ease@3":
  "integrity" "sha512-wR/XK3D3XcLIZwpbvQwQ5fK+8Ykds1ip7A2Txe0yxncXSdq1L9skcG7blcedkOX+ZcgxGAmLX1FrRGbADwzi0w=="
  "resolved" "https://registry.npmjs.org/d3-ease/-/d3-ease-3.0.1.tgz"
  "version" "3.0.1"

"d3-fetch@3":
  "integrity" "sha512-kpkQIM20n3oLVBKGg6oHrUchHM3xODkTzjMoj7aWQFq5QEM+R6E4WkzT5+tojDY7yjez8KgCBRoj4aEr99Fdqw=="
  "resolved" "https://registry.npmjs.org/d3-fetch/-/d3-fetch-3.0.1.tgz"
  "version" "3.0.1"
  dependencies:
    "d3-dsv" "1 - 3"

"d3-force@3":
  "integrity" "sha512-zxV/SsA+U4yte8051P4ECydjD/S+qeYtnaIyAs9tgHCqfguma/aAQDjo85A9Z6EKhBirHRJHXIgJUlffT4wdLg=="
  "resolved" "https://registry.npmjs.org/d3-force/-/d3-force-3.0.0.tgz"
  "version" "3.0.0"
  dependencies:
    "d3-dispatch" "1 - 3"
    "d3-quadtree" "1 - 3"
    "d3-timer" "1 - 3"

"d3-format@1 - 3", "d3-format@3":
  "integrity" "sha512-YyUI6AEuY/Wpt8KWLgZHsIU86atmikuoOmCfommt0LYHiQSPjvX2AcFc38PX0CBpr2RCyZhjex+NS/LPOv6YqA=="
  "resolved" "https://registry.npmjs.org/d3-format/-/d3-format-3.1.0.tgz"
  "version" "3.1.0"

"d3-geo@3":
  "integrity" "sha512-JEo5HxXDdDYXCaWdwLRt79y7giK8SbhZJbFWXqbRTolCHFI5jRqteLzCsq51NKbUoX0PjBVSohxrx+NoOUujYA=="
  "resolved" "https://registry.npmjs.org/d3-geo/-/d3-geo-3.1.0.tgz"
  "version" "3.1.0"
  dependencies:
    "d3-array" "2.5.0 - 3"

"d3-hierarchy@3":
  "integrity" "sha512-FX/9frcub54beBdugHjDCdikxThEqjnR93Qt7PvQTOHxyiNCAlvMrHhclk3cD5VeAaq9fxmfRp+CnWw9rEMBuA=="
  "resolved" "https://registry.npmjs.org/d3-hierarchy/-/d3-hierarchy-3.1.2.tgz"
  "version" "3.1.2"

"d3-interpolate@1 - 3", "d3-interpolate@1.2.0 - 3", "d3-interpolate@3":
  "integrity" "sha512-3bYs1rOD33uo8aqJfKP3JWPAibgw8Zm2+L9vBKEHJ2Rg+viTR7o5Mmv5mZcieN+FRYaAOWX5SJATX6k1PWz72g=="
  "resolved" "https://registry.npmjs.org/d3-interpolate/-/d3-interpolate-3.0.1.tgz"
  "version" "3.0.1"
  dependencies:
    "d3-color" "1 - 3"

"d3-path@^3.1.0", "d3-path@1 - 3", "d3-path@3":
  "integrity" "sha512-p3KP5HCf/bvjBSSKuXid6Zqijx7wIfNW+J/maPs+iwR35at5JCbLUT0LzF1cnjbCHWhqzQTIN2Jpe8pRebIEFQ=="
  "resolved" "https://registry.npmjs.org/d3-path/-/d3-path-3.1.0.tgz"
  "version" "3.1.0"

"d3-polygon@3":
  "integrity" "sha512-3vbA7vXYwfe1SYhED++fPUQlWSYTTGmFmQiany/gdbiWgU/iEyQzyymwL9SkJjFFuCS4902BSzewVGsHHmHtXg=="
  "resolved" "https://registry.npmjs.org/d3-polygon/-/d3-polygon-3.0.1.tgz"
  "version" "3.0.1"

"d3-quadtree@1 - 3", "d3-quadtree@3":
  "integrity" "sha512-04xDrxQTDTCFwP5H6hRhsRcb9xxv2RzkcsygFzmkSIOJy3PeRJP7sNk3VRIbKXcog561P9oU0/rVH6vDROAgUw=="
  "resolved" "https://registry.npmjs.org/d3-quadtree/-/d3-quadtree-3.0.1.tgz"
  "version" "3.0.1"

"d3-quant@^0.5.1":
  "integrity" "sha512-8uYLQW0cM7QX62kTqyd3p0JhRjtp4Ln1ciG9L4KWBPVrD5MQqjI0j8nG/lv4ISYtDvI5gXlkNtZQf65+W3LSCQ=="
  "resolved" "https://registry.npmjs.org/d3-quant/-/d3-quant-0.5.1.tgz"
  "version" "0.5.1"
  dependencies:
    "d3-array" "2.4.0"
    "d3-random" "2.1.0"

"d3-random@2.1.0":
  "integrity" "sha512-NY3GKeKxlRAXzUNun8Pv36Mciggnf8v+4kCDEoKaAbw4qmpfJ5LvMazdiYNDEiuM4hQSVHnxNeuYdVRJlFw9dg=="
  "resolved" "https://registry.npmjs.org/d3-random/-/d3-random-2.1.0.tgz"
  "version" "2.1.0"

"d3-random@3":
  "integrity" "sha512-FXMe9GfxTxqd5D6jFsQ+DJ8BJS4E/fT5mqqdjovykEB2oFbTMDVdg1MGFxfQW+FBOGoB++k8swBrgwSHT1cUXQ=="
  "resolved" "https://registry.npmjs.org/d3-random/-/d3-random-3.0.1.tgz"
  "version" "3.0.1"

"d3-scale-chromatic@3":
  "integrity" "sha512-Lx9thtxAKrO2Pq6OO2Ua474opeziKr279P/TKZsMAhYyNDD3EnCffdbgeSYN5O7m2ByQsxtuP2CSDczNUIZ22g=="
  "resolved" "https://registry.npmjs.org/d3-scale-chromatic/-/d3-scale-chromatic-3.0.0.tgz"
  "version" "3.0.0"
  dependencies:
    "d3-color" "1 - 3"
    "d3-interpolate" "1 - 3"

"d3-scale@4":
  "integrity" "sha512-GZW464g1SH7ag3Y7hXjf8RoUuAFIqklOAq3MRl4OaWabTFJY9PN/E1YklhXLh+OQ3fM9yS2nOkCoS+WLZ6kvxQ=="
  "resolved" "https://registry.npmjs.org/d3-scale/-/d3-scale-4.0.2.tgz"
  "version" "4.0.2"
  dependencies:
    "d3-array" "2.10.0 - 3"
    "d3-format" "1 - 3"
    "d3-interpolate" "1.2.0 - 3"
    "d3-time" "2.1.1 - 3"
    "d3-time-format" "2 - 4"

"d3-selection@2 - 3", "d3-selection@3":
  "integrity" "sha512-fmTRWbNMmsmWq6xJV8D19U/gw/bwrHfNXxrIN+HfZgnzqTHp9jOmKMhsTUjXOJnZOdZY9Q28y4yebKzqDKlxlQ=="
  "resolved" "https://registry.npmjs.org/d3-selection/-/d3-selection-3.0.0.tgz"
  "version" "3.0.0"

"d3-shape@3":
  "integrity" "sha512-SaLBuwGm3MOViRq2ABk3eLoxwZELpH6zhl3FbAoJ7Vm1gofKx6El1Ib5z23NUEhF9AsGl7y+dzLe5Cw2AArGTA=="
  "resolved" "https://registry.npmjs.org/d3-shape/-/d3-shape-3.2.0.tgz"
  "version" "3.2.0"
  dependencies:
    "d3-path" "^3.1.0"

"d3-time-format@2 - 4", "d3-time-format@4":
  "integrity" "sha512-dJxPBlzC7NugB2PDLwo9Q8JiTR3M3e4/XANkreKSUxF8vvXKqm1Yfq4Q5dl8budlunRVlUUaDUgFt7eA8D6NLg=="
  "resolved" "https://registry.npmjs.org/d3-time-format/-/d3-time-format-4.1.0.tgz"
  "version" "4.1.0"
  dependencies:
    "d3-time" "1 - 3"

"d3-time@1 - 3", "d3-time@2.1.1 - 3", "d3-time@3":
  "integrity" "sha512-VqKjzBLejbSMT4IgbmVgDjpkYrNWUYJnbCGo874u7MMKIWsILRX+OpX/gTk8MqjpT1A/c6HY2dCA77ZN0lkQ2Q=="
  "resolved" "https://registry.npmjs.org/d3-time/-/d3-time-3.1.0.tgz"
  "version" "3.1.0"
  dependencies:
    "d3-array" "2 - 3"

"d3-timer@1 - 3", "d3-timer@3":
  "integrity" "sha512-ndfJ/JxxMd3nw31uyKoY2naivF+r29V+Lc0svZxe1JvvIRmi8hUsrMvdOwgS1o6uBHmiz91geQ0ylPP0aj1VUA=="
  "resolved" "https://registry.npmjs.org/d3-timer/-/d3-timer-3.0.1.tgz"
  "version" "3.0.1"

"d3-transition@2 - 3", "d3-transition@3":
  "integrity" "sha512-ApKvfjsSR6tg06xrL434C0WydLr7JewBB3V+/39RMHsaXTOG0zmt/OAXeng5M5LBm0ojmxJrpomQVZ1aPvBL4w=="
  "resolved" "https://registry.npmjs.org/d3-transition/-/d3-transition-3.0.1.tgz"
  "version" "3.0.1"
  dependencies:
    "d3-color" "1 - 3"
    "d3-dispatch" "1 - 3"
    "d3-ease" "1 - 3"
    "d3-interpolate" "1 - 3"
    "d3-timer" "1 - 3"

"d3-zoom@3":
  "integrity" "sha512-b8AmV3kfQaqWAuacbPuNbL6vahnOJflOhexLzMMNLga62+/nh0JzvJ0aO/5a5MVgUFGS7Hu1P9P03o3fJkDCyw=="
  "resolved" "https://registry.npmjs.org/d3-zoom/-/d3-zoom-3.0.0.tgz"
  "version" "3.0.0"
  dependencies:
    "d3-dispatch" "1 - 3"
    "d3-drag" "2 - 3"
    "d3-interpolate" "1 - 3"
    "d3-selection" "2 - 3"
    "d3-transition" "2 - 3"

"d3@^7.8.2":
  "integrity" "sha512-WXty7qOGSHb7HR7CfOzwN1Gw04MUOzN8qh9ZUsvwycIMb4DYMpY9xczZ6jUorGtO6bR9BPMPaueIKwiDxu9uiQ=="
  "resolved" "https://registry.npmjs.org/d3/-/d3-7.8.2.tgz"
  "version" "7.8.2"
  dependencies:
    "d3-array" "3"
    "d3-axis" "3"
    "d3-brush" "3"
    "d3-chord" "3"
    "d3-color" "3"
    "d3-contour" "4"
    "d3-delaunay" "6"
    "d3-dispatch" "3"
    "d3-drag" "3"
    "d3-dsv" "3"
    "d3-ease" "3"
    "d3-fetch" "3"
    "d3-force" "3"
    "d3-format" "3"
    "d3-geo" "3"
    "d3-hierarchy" "3"
    "d3-interpolate" "3"
    "d3-path" "3"
    "d3-polygon" "3"
    "d3-quadtree" "3"
    "d3-random" "3"
    "d3-scale" "4"
    "d3-scale-chromatic" "3"
    "d3-selection" "3"
    "d3-shape" "3"
    "d3-time" "3"
    "d3-time-format" "4"
    "d3-timer" "3"
    "d3-transition" "3"
    "d3-zoom" "3"

"delaunator@5":
  "integrity" "sha512-AyLvtyJdbv/U1GkiS6gUUzclRoAY4Gs75qkMygJJhU75LW4DNuSF2RMzpxs9jw9Oz1BobHjTdkG3zdP55VxAqw=="
  "resolved" "https://registry.npmjs.org/delaunator/-/delaunator-5.0.0.tgz"
  "version" "5.0.0"
  dependencies:
    "robust-predicates" "^3.0.0"

"detect-gpu@^4.0.32":
  "integrity" "sha512-Dd1+fDMHAubtRe9EK/xqcCsoq0DW/bhT3MXh+Hm/qbU/7D143hblQYNE2ilBkD3SN6MeXG5ihpAvesYkuylDGQ=="
  "resolved" "https://registry.npmjs.org/detect-gpu/-/detect-gpu-4.0.32.tgz"
  "version" "4.0.32"
  dependencies:
    "webgl-constants" "^1.1.1"

"drag-drop@^7.2.0":
  "integrity" "sha512-cvCWy7I7zmKd82bpW5a6DivZ8BV02XtZRdC9+94kFhu2SzzOtzt7VXWmLClaqvJbkWNYc+onRilNxazao473Pw=="
  "resolved" "https://registry.npmjs.org/drag-drop/-/drag-drop-7.2.0.tgz"
  "version" "7.2.0"
  dependencies:
    "blob-to-buffer" "^1.2.9"
    "run-parallel" "^1.2.0"

"esbuild-windows-64@0.14.48":
  "integrity" "sha512-YmpXjdT1q0b8ictSdGwH3M8VCoqPpK1/UArze3X199w6u8hUx3V8BhAi1WjbsfDYRBanVVtduAhh2sirImtAvA=="
  "resolved" "https://registry.npmjs.org/esbuild-windows-64/-/esbuild-windows-64-0.14.48.tgz"
  "version" "0.14.48"

"esbuild@^0.14.47":
  "integrity" "sha512-w6N1Yn5MtqK2U1/WZTX9ZqUVb8IOLZkZ5AdHkT6x3cHDMVsYWC7WPdiLmx19w3i4Rwzy5LqsEMtVihG3e4rFzA=="
  "resolved" "https://registry.npmjs.org/esbuild/-/esbuild-0.14.48.tgz"
  "version" "0.14.48"
  optionalDependencies:
    "esbuild-android-64" "0.14.48"
    "esbuild-android-arm64" "0.14.48"
    "esbuild-darwin-64" "0.14.48"
    "esbuild-darwin-arm64" "0.14.48"
    "esbuild-freebsd-64" "0.14.48"
    "esbuild-freebsd-arm64" "0.14.48"
    "esbuild-linux-32" "0.14.48"
    "esbuild-linux-64" "0.14.48"
    "esbuild-linux-arm" "0.14.48"
    "esbuild-linux-arm64" "0.14.48"
    "esbuild-linux-mips64le" "0.14.48"
    "esbuild-linux-ppc64le" "0.14.48"
    "esbuild-linux-riscv64" "0.14.48"
    "esbuild-linux-s390x" "0.14.48"
    "esbuild-netbsd-64" "0.14.48"
    "esbuild-openbsd-64" "0.14.48"
    "esbuild-sunos-64" "0.14.48"
    "esbuild-windows-32" "0.14.48"
    "esbuild-windows-64" "0.14.48"
    "esbuild-windows-arm64" "0.14.48"

"estree-walker@^2.0.1":
  "integrity" "sha512-Rfkk/Mp/DL7JVje3u18FxFujQlTNR2q6QfMSMB7AvCBx91NGj/ba3kCfza0f6dVDbw7YlRf/nDrn7pQrCCyQ/w=="
  "resolved" "https://registry.npmjs.org/estree-walker/-/estree-walker-2.0.2.tgz"
  "version" "2.0.2"

"function-bind@^1.1.1":
  "integrity" "sha512-yIovAzMX49sF8Yl58fSCWJ5svSLuaibPxXQJFLmBObTuCr0Mf1KiPopGM9NiFjiYBCbfaa2Fh6breQ6ANVTI0A=="
  "resolved" "https://registry.npmjs.org/function-bind/-/function-bind-1.1.1.tgz"
  "version" "1.1.1"

"has@^1.0.3":
  "integrity" "sha512-f2dvO0VU6Oej7RkWJGrehjbzMAjFp5/VKPp5tTpWIV4JHHZK1/BxbFRtf/siA2SWTe09caDmVtYYzWEIbBS4zw=="
  "resolved" "https://registry.npmjs.org/has/-/has-1.0.3.tgz"
  "version" "1.0.3"
  dependencies:
    "function-bind" "^1.1.1"

"iconv-lite@0.6":
  "integrity" "sha512-4fCk79wshMdzMp2rH06qWrJE4iolqLhCUH+OiuIgU++RB0+94NlDL81atO7GX55uUKueo0txHNtvEyI6D7WdMw=="
  "resolved" "https://registry.npmjs.org/iconv-lite/-/iconv-lite-0.6.3.tgz"
  "version" "0.6.3"
  dependencies:
    "safer-buffer" ">= 2.1.2 < 3.0.0"

"internmap@1 - 2":
  "integrity" "sha512-5Hh7Y1wQbvY5ooGgPbDaL5iYLAPzMTUrjMulskHLH6wnv/A+1q5rgEaiuqEjB+oxGXIVZs1FF+R/KPN3ZSQYYg=="
  "resolved" "https://registry.npmjs.org/internmap/-/internmap-2.0.3.tgz"
  "version" "2.0.3"

"is-core-module@^2.9.0":
  "integrity" "sha512-+5FPy5PnwmO3lvfMb0AsoPaBG+5KHUI0wYFXOtYPnVVVspTFUuMZNfNaNVRt3FZadstu2c8x23vykRW/NBoU6A=="
  "resolved" "https://registry.npmjs.org/is-core-module/-/is-core-module-2.9.0.tgz"
  "version" "2.9.0"
  dependencies:
    "has" "^1.0.3"

"lodash@^4.17.21":
  "integrity" "sha512-v2kDEe57lecTulaDIuNTPy3Ry4gLGJ6Z1O3vE1krgXZNrsQ+LFTGHVxVjcXPs17LhbZVGedAJv8XZ1tvj5FvSg=="
  "resolved" "https://registry.npmjs.org/lodash/-/lodash-4.17.21.tgz"
  "version" "4.17.21"

"moore@~1.0.0":
  "integrity" "sha512-xcsFo/jgtMuVaGePHod5TdSzxnRAQQ4wFpDmFuu34lHvx5sNMsioA84NW7iBWYZ10jHR/nyGaDkhunMJxqAzkw=="
  "resolved" "https://registry.npmjs.org/moore/-/moore-1.0.0.tgz"
  "version" "1.0.0"

"nanoid@^3.3.4":
  "integrity" "sha512-MqBkQh/OHTS2egovRtLk45wEyNXwF+cokD+1YPf9u5VfJiRdAiRwB2froX5Co9Rh20xs4siNPm8naNotSD6RBw=="
  "resolved" "https://registry.npmjs.org/nanoid/-/nanoid-3.3.4.tgz"
  "version" "3.3.4"

"path-parse@^1.0.7":
  "integrity" "sha512-LDJzPVEEEPR+y48z93A0Ed0yXb8pAByGWo/k5YYdYgpY2/2EsOsksJrq7lOHxryrVOn1ejG6oAp8ahvOIQD8sw=="
  "resolved" "https://registry.npmjs.org/path-parse/-/path-parse-1.0.7.tgz"
  "version" "1.0.7"

"picocolors@^1.0.0":
  "integrity" "sha512-1fygroTLlHu66zi26VoTDv8yRgm0Fccecssto+MhsZ0D/DGW2sm8E8AjW7NU5VVTRt5GxbeZ5qBuJr+HyLYkjQ=="
  "resolved" "https://registry.npmjs.org/picocolors/-/picocolors-1.0.0.tgz"
  "version" "1.0.0"

"picomatch@^2.2.2":
  "integrity" "sha512-JU3teHTNjmE2VCGFzuY8EXzCDVwEqB2a8fsIvwaStHhAWJEeVd1o1QD80CU6+ZdEXXSLbSsuLwJjkCBWqRQUVA=="
  "resolved" "https://registry.npmjs.org/picomatch/-/picomatch-2.3.1.tgz"
  "version" "2.3.1"

"poisson-disk-sampling@^2.3.1":
  "integrity" "sha512-O3TzHR8IA+Do5zC7EgPdHLOYOpUJ6DikiTwqRqXdSPUhx1ZqfeH6PqAD86KKi+8Nq8vnL2navErsgURKTe089w=="
  "resolved" "https://registry.npmjs.org/poisson-disk-sampling/-/poisson-disk-sampling-2.3.1.tgz"
  "version" "2.3.1"
  dependencies:
    "moore" "~1.0.0"

"postcss@^8.4.14":
  "integrity" "sha512-E398TUmfAYFPBSdzgeieK2Y1+1cpdxJx8yXbK/m57nRhKSmk1GB2tO4lbLBtlkfPQTDKfe4Xqv1ASWPpayPEig=="
  "resolved" "https://registry.npmjs.org/postcss/-/postcss-8.4.14.tgz"
  "version" "8.4.14"
  dependencies:
    "nanoid" "^3.3.4"
    "picocolors" "^1.0.0"
    "source-map-js" "^1.0.2"

"postprocessing@^6.29.3", "postprocessing@>=6.28.0":
  "integrity" "sha512-gxXC6LKLRwI4eSySdmxqEfQBMKEdQtxg5aYrdvJ/tPHDOS4aZAb/bY4ulQnL5YGKqCC6SmgNmU4dNIc68TTVMw=="
  "resolved" "https://registry.npmjs.org/postprocessing/-/postprocessing-6.29.3.tgz"
  "version" "6.29.3"

"queue-microtask@^1.2.2":
  "integrity" "sha512-NuaNSa6flKT5JaSYQzJok04JzTL1CA6aGhv5rfLW3PgqA+M2ChpZQnAC8h8i4ZFkBS8X5RqkDBHA7r4hej3K9A=="
  "resolved" "https://registry.npmjs.org/queue-microtask/-/queue-microtask-1.2.3.tgz"
  "version" "1.2.3"

"resolve@^1.22.1":
  "integrity" "sha512-nBpuuYuY5jFsli/JIs1oldw6fOQCBioohqWZg/2hiaOybXOft4lonv85uDOKXdf8rhyK159cxU5cDcK/NKk8zw=="
  "resolved" "https://registry.npmjs.org/resolve/-/resolve-1.22.1.tgz"
  "version" "1.22.1"
  dependencies:
    "is-core-module" "^2.9.0"
    "path-parse" "^1.0.7"
    "supports-preserve-symlinks-flag" "^1.0.0"

"robust-predicates@^3.0.0":
  "integrity" "sha512-ndEIpszUHiG4HtDsQLeIuMvRsDnn8c8rYStabochtUeCvfuvNptb5TUbVD68LRAILPX7p9nqQGh4xJgn3EHS/g=="
  "resolved" "https://registry.npmjs.org/robust-predicates/-/robust-predicates-3.0.1.tgz"
  "version" "3.0.1"

"rollup@^2.75.6":
  "integrity" "sha512-VSE1iy0eaAYNCxEXaleThdFXqZJ42qDBatAwrfnPlENEZ8erQ+0LYX4JXOLPceWfZpV1VtZwZ3dFCuOZiSyFtQ=="
  "resolved" "https://registry.npmjs.org/rollup/-/rollup-2.75.7.tgz"
  "version" "2.75.7"
  optionalDependencies:
    "fsevents" "~2.3.2"

"run-parallel@^1.2.0":
  "integrity" "sha512-5l4VyZR86LZ/lDxZTR6jqL8AFE2S0IFLMP26AbjsLVADxHdhB/c0GUsH+y39UfCi3dzz8OlQuPmnaJOMoDHQBA=="
  "resolved" "https://registry.npmjs.org/run-parallel/-/run-parallel-1.2.0.tgz"
  "version" "1.2.0"
  dependencies:
    "queue-microtask" "^1.2.2"

"rw@1":
  "integrity" "sha512-PdhdWy89SiZogBLaw42zdeqtRJ//zFd2PgQavcICDUgJT5oW10QCRKbJ6bg4r0/UY2M6BWd5tkxuGFRvCkgfHQ=="
  "resolved" "https://registry.npmjs.org/rw/-/rw-1.3.3.tgz"
  "version" "1.3.3"

"safer-buffer@>= 2.1.2 < 3.0.0":
  "integrity" "sha512-YZo3K82SD7Riyi0E1EQPojLz7kpepnSQI9IyPbHHg1XXXevb5dJI7tpyN2ADxGcQbHG7vcyRHk0cbwqcQriUtg=="
  "resolved" "https://registry.npmjs.org/safer-buffer/-/safer-buffer-2.1.2.tgz"
  "version" "2.1.2"

"screen-space-reflections@^2.1.2":
  "integrity" "sha512-lGLy58EqkQvQyA2srM8wqJ2Zt0sq7hqGXTBZsLzQQ8axx5zZzRI3g2Nxd920s8wyrUIJ7snvu7iEnEGz0xDBlg=="
  "resolved" "https://registry.npmjs.org/screen-space-reflections/-/screen-space-reflections-2.1.2.tgz"
  "version" "2.1.2"

"source-map-js@^1.0.2":
  "integrity" "sha512-R0XvVJ9WusLiqTCEiGCmICCMplcCkIwwR11mOSD9CR5u+IXYdiseeEuXCVAjS54zqwkLcPNnmU4OeJ6tUrWhDw=="
  "resolved" "https://registry.npmjs.org/source-map-js/-/source-map-js-1.0.2.tgz"
  "version" "1.0.2"

"stats.js@^0.17.0":
  "integrity" "sha512-hNKz8phvYLPEcRkeG1rsGmV5ChMjKDAWU7/OJJdDErPBNChQXxCo3WZurGpnWc6gZhAzEPFad1aVgyOANH1sMw=="
  "resolved" "https://registry.npmjs.org/stats.js/-/stats.js-0.17.0.tgz"
  "version" "0.17.0"

"supports-preserve-symlinks-flag@^1.0.0":
  "integrity" "sha512-ot0WnXS9fgdkgIcePe6RHNk1WA8+muPa6cSjeR3V8K27q9BB1rTE3R1p7Hv0z1ZyAc8s6Vvv8DIyWf681MAt0w=="
  "resolved" "https://registry.npmjs.org/supports-preserve-symlinks-flag/-/supports-preserve-symlinks-flag-1.0.0.tgz"
  "version" "1.0.0"

"three@^0.148.0", "three@>= 0.125.0 < 0.149.0", "three@>=0.141.0":
  "integrity" "sha512-8uzVV+qhTPi0bOFs/3te3RW6hb3urL8jYEl6irjCWo/l6sr8MPNMcClFev/MMYeIxr0gmDcoXTy/8LXh/LXkfw=="
  "resolved" "https://registry.npmjs.org/three/-/three-0.148.0.tgz"
  "version" "0.148.0"

"toggle-selection@^1.0.6":
  "integrity" "sha512-BiZS+C1OS8g/q2RRbJmy59xpyghNBqrr6k5L/uKBGRsTfxmu3ffiRnd8mlGPUVayg8pvfi5urfnu8TU7DVOkLQ=="
  "resolved" "https://registry.npmjs.org/toggle-selection/-/toggle-selection-1.0.6.tgz"
  "version" "1.0.6"

"tslib@^2.4.0":
  "integrity" "sha512-d6xOpEDfsi2CZVlPQzGeux8XMwLT9hssAsaPYExaQMuYskwb+x1x7J371tWlbBdWHroy99KnVB6qIkUbs5X3UQ=="
  "resolved" "https://registry.npmjs.org/tslib/-/tslib-2.4.0.tgz"
  "version" "2.4.0"

"tweakpane@^3.1.0":
  "integrity" "sha512-PGAp/LPQdHwzL7/iAW4lV1p9iPQTti7YMjMWO48CoYjvZRS59RmgQnhEGzKzqST1JnmOYmQUjTe8bdhlZRJs5A=="
  "resolved" "https://registry.npmjs.org/tweakpane/-/tweakpane-3.1.0.tgz"
  "version" "3.1.0"

"vite-plugin-glsl@^0.2.0":
  "integrity" "sha512-Sn8ceQHdL3zy8y3MrAKYc28/+R02H/DE/IOqoP7h/DfGypCvOXaU7Cm4pVPU+JMc0LYrK4SCaGrLa/gnCrqwIg=="
  "resolved" "https://registry.npmjs.org/vite-plugin-glsl/-/vite-plugin-glsl-0.2.0.tgz"
  "version" "0.2.0"
  dependencies:
    "@rollup/pluginutils" "^4.2.1"
    "tslib" "^2.4.0"

"vite@^3.0.0":
  "integrity" "sha512-M7phQhY3+fRZa0H+1WzI6N+/onruwPTBTMvaj7TzgZ0v2TE+N2sdLKxJOfOv9CckDWt5C4HmyQP81xB4dwRKzA=="
  "resolved" "https://registry.npmjs.org/vite/-/vite-3.0.0.tgz"
  "version" "3.0.0"
  dependencies:
    "esbuild" "^0.14.47"
    "postcss" "^8.4.14"
    "resolve" "^1.22.1"
    "rollup" "^2.75.6"
  optionalDependencies:
    "fsevents" "~2.3.2"

"webgl-constants@^1.1.1":
  "integrity" "sha512-LkBXKjU5r9vAW7Gcu3T5u+5cvSvh5WwINdr0C+9jpzVB41cjQAP5ePArDtk/WHYdVj0GefCgM73BA7FlIiNtdg=="
  "resolved" "https://registry.npmjs.org/webgl-constants/-/webgl-constants-1.1.1.tgz"
  "version" "1.1.1"
